
Microsoft Visual Studio Solution File, Format Version 12.00
# Visual Studio Version 17
VisualStudioVersion = 17.0.32112.339
MinimumVisualStudioVersion = 10.0.40219.1
Project("{FAE04EC0-301F-11D3-BF4B-00C04F79EFBC}") = "AccessLogCheckerUI", "AccessLogCheckerUI\AccessLogCheckerUI.csproj", "{95C5C42B-BA23-47B9-BB01-BF3E2B0C371C}"
EndProject
Global
	GlobalSection(SolutionConfigurationPlatforms) = preSolution
		Debug|Any CPU = Debug|Any CPU
		Release|Any CPU = Release|Any CPU
	EndGlobalSection
	GlobalSection(ProjectConfigurationPlatforms) = postSolution
		{95C5C42B-BA23-47B9-BB01-BF3E2B0C371C}.Debug|Any CPU.ActiveCfg = Debug|Any CPU
		{95C5C42B-BA23-47B9-BB01-BF3E2B0C371C}.Debug|Any CPU.Build.0 = Debug|Any CPU
		{95C5C42B-BA23-47B9-BB01-BF3E2B0C371C}.Release|Any CPU.ActiveCfg = Release|Any CPU
		{95C5C42B-BA23-47B9-BB01-BF3E2B0C371C}.Release|Any CPU.Build.0 = Release|Any CPU
	EndGlobalSection
	GlobalSection(SolutionProperties) = preSolution
		HideSolutionNode = FALSE
	EndGlobalSection
	GlobalSection(ExtensibilityGlobals) = postSolution
		SolutionGuid = {0CFF6564-10E6-44C4-A368-F2B91C8CE69B}
	EndGlobalSection
EndGlobal
